
Microsoft Visual Studio Solution File, Format Version 11.00
# Visual Studio 2010
Project("{FAE04EC0-301F-11D3-BF4B-00C04F79EFBC}") = "charlal1_Alphabetic_Distribution", "charlal1_Alphabetic_Distribution\charlal1_Alphabetic_Distribution.csproj", "{20E672E5-6402-4785-8400-7D8372ED37B7}"
EndProject
Global
	GlobalSection(SolutionConfigurationPlatforms) = preSolution
		Debug|x86 = Debug|x86
		Release|x86 = Release|x86
	EndGlobalSection
	GlobalSection(ProjectConfigurationPlatforms) = postSolution
		{20E672E5-6402-4785-8400-7D8372ED37B7}.Debug|x86.ActiveCfg = Debug|x86
		{20E672E5-6402-4785-8400-7D8372ED37B7}.Debug|x86.Build.0 = Debug|x86
		{20E672E5-6402-4785-8400-7D8372ED37B7}.Release|x86.ActiveCfg = Release|x86
		{20E672E5-6402-4785-8400-7D8372ED37B7}.Release|x86.Build.0 = Release|x86
	EndGlobalSection
	GlobalSection(SolutionProperties) = preSolution
		HideSolutionNode = FALSE
	EndGlobalSection
EndGlobal
