
Microsoft Visual Studio Solution File, Format Version 11.00
# Visual Studio 2010
Project("{FAE04EC0-301F-11D3-BF4B-00C04F79EFBC}") = "InterfacePractice", "InterfacePractice\InterfacePractice.csproj", "{50598DA8-3C63-4089-A945-25BA4F95F1E0}"
EndProject
Global
	GlobalSection(SolutionConfigurationPlatforms) = preSolution
		Debug|x86 = Debug|x86
		Release|x86 = Release|x86
	EndGlobalSection
	GlobalSection(ProjectConfigurationPlatforms) = postSolution
		{50598DA8-3C63-4089-A945-25BA4F95F1E0}.Debug|x86.ActiveCfg = Debug|x86
		{50598DA8-3C63-4089-A945-25BA4F95F1E0}.Debug|x86.Build.0 = Debug|x86
		{50598DA8-3C63-4089-A945-25BA4F95F1E0}.Release|x86.ActiveCfg = Release|x86
		{50598DA8-3C63-4089-A945-25BA4F95F1E0}.Release|x86.Build.0 = Release|x86
	EndGlobalSection
	GlobalSection(SolutionProperties) = preSolution
		HideSolutionNode = FALSE
	EndGlobalSection
EndGlobal
