
Microsoft Visual Studio Solution File, Format Version 11.00
# Visual Studio 2010
Project("{FAE04EC0-301F-11D3-BF4B-00C04F79EFBC}") = "Quiz Night", "Quiz Night\Quiz Night.csproj", "{E97F3A54-25B3-4210-8527-5A65A0006522}"
EndProject
Global
	GlobalSection(SolutionConfigurationPlatforms) = preSolution
		Debug|x86 = Debug|x86
		Release|x86 = Release|x86
	EndGlobalSection
	GlobalSection(ProjectConfigurationPlatforms) = postSolution
		{E97F3A54-25B3-4210-8527-5A65A0006522}.Debug|x86.ActiveCfg = Debug|x86
		{E97F3A54-25B3-4210-8527-5A65A0006522}.Debug|x86.Build.0 = Debug|x86
		{E97F3A54-25B3-4210-8527-5A65A0006522}.Release|x86.ActiveCfg = Release|x86
		{E97F3A54-25B3-4210-8527-5A65A0006522}.Release|x86.Build.0 = Release|x86
	EndGlobalSection
	GlobalSection(SolutionProperties) = preSolution
		HideSolutionNode = FALSE
	EndGlobalSection
EndGlobal
